
Microsoft Visual Studio Solution File, Format Version 12.00
# Visual Studio 15
VisualStudioVersion = 15.0.28307.852
MinimumVisualStudioVersion = 10.0.40219.1
Project("{8BC9CEB8-8B4A-11D0-8D11-00A0C91BC942}") = "ContainmentOuterComponentWithRegFile", "ContainmentOuterComponentWithRegFile\ContainmentOuterComponentWithRegFile.vcxproj", "{2AA20D4D-307C-4AE5-BC33-0BF0A217566D}"
EndProject
Global
	GlobalSection(SolutionConfigurationPlatforms) = preSolution
		Debug|x64 = Debug|x64
		Debug|x86 = Debug|x86
		Release|x64 = Release|x64
		Release|x86 = Release|x86
	EndGlobalSection
	GlobalSection(ProjectConfigurationPlatforms) = postSolution
		{2AA20D4D-307C-4AE5-BC33-0BF0A217566D}.Debug|x64.ActiveCfg = Debug|x64
		{2AA20D4D-307C-4AE5-BC33-0BF0A217566D}.Debug|x64.Build.0 = Debug|x64
		{2AA20D4D-307C-4AE5-BC33-0BF0A217566D}.Debug|x86.ActiveCfg = Debug|Win32
		{2AA20D4D-307C-4AE5-BC33-0BF0A217566D}.Debug|x86.Build.0 = Debug|Win32
		{2AA20D4D-307C-4AE5-BC33-0BF0A217566D}.Release|x64.ActiveCfg = Release|x64
		{2AA20D4D-307C-4AE5-BC33-0BF0A217566D}.Release|x64.Build.0 = Release|x64
		{2AA20D4D-307C-4AE5-BC33-0BF0A217566D}.Release|x86.ActiveCfg = Release|Win32
		{2AA20D4D-307C-4AE5-BC33-0BF0A217566D}.Release|x86.Build.0 = Release|Win32
	EndGlobalSection
	GlobalSection(SolutionProperties) = preSolution
		HideSolutionNode = FALSE
	EndGlobalSection
	GlobalSection(ExtensibilityGlobals) = postSolution
		SolutionGuid = {C709F4E1-B477-4EBB-9A00-911AB58D71DF}
	EndGlobalSection
EndGlobal
